
Microsoft Visual Studio Solution File, Format Version 12.00
# Visual Studio Version 17
VisualStudioVersion = 17.11.35222.181
MinimumVisualStudioVersion = 10.0.40219.1
Project("{FAE04EC0-301F-11D3-BF4B-00C04F79EFBC}") = "LiskovSubstitutionPrinciple", "LiskovSubstitutionPrinciple.csproj", "{3805FD4D-6F03-4515-B27E-388F5D3648FB}"
EndProject
Global
	GlobalSection(SolutionConfigurationPlatforms) = preSolution
		Debug|Any CPU = Debug|Any CPU
		Release|Any CPU = Release|Any CPU
	EndGlobalSection
	GlobalSection(ProjectConfigurationPlatforms) = postSolution
		{3805FD4D-6F03-4515-B27E-388F5D3648FB}.Debug|Any CPU.ActiveCfg = Debug|Any CPU
		{3805FD4D-6F03-4515-B27E-388F5D3648FB}.Debug|Any CPU.Build.0 = Debug|Any CPU
		{3805FD4D-6F03-4515-B27E-388F5D3648FB}.Release|Any CPU.ActiveCfg = Release|Any CPU
		{3805FD4D-6F03-4515-B27E-388F5D3648FB}.Release|Any CPU.Build.0 = Release|Any CPU
	EndGlobalSection
	GlobalSection(SolutionProperties) = preSolution
		HideSolutionNode = FALSE
	EndGlobalSection
	GlobalSection(ExtensibilityGlobals) = postSolution
		SolutionGuid = {CBE76379-F8A9-4D74-A899-A46FF7ABE864}
	EndGlobalSection
EndGlobal
